// !$*UTF8*$!
{
	archiveVersion = 1;
	classes = {
	};
	objectVersion = 46;
	objects = {

/* Begin PBXBuildFile section */
		A404211E183FEE5D00171190 /* Foundation.framework in Frameworks */ = {isa = PBXBuildFile; fileRef = A404211D183FEE5D00171190 /* Foundation.framework */; };
		A4042120183FEE5D00171190 /* CoreGraphics.framework in Frameworks */ = {isa = PBXBuildFile; fileRef = A404211F183FEE5D00171190 /* CoreGraphics.framework */; };
		A4042122183FEE5D00171190 /* UIKit.framework in Frameworks */ = {isa = PBXBuildFile; fileRef = A4042121183FEE5D00171190 /* UIKit.framework */; };
		A4042128183FEE5D00171190 /* InfoPlist.strings in Resources */ = {isa = PBXBuildFile; fileRef = A4042126183FEE5D00171190 /* InfoPlist.strings */; };
		A404212A183FEE5D00171190 /* main.m in Sources */ = {isa = PBXBuildFile; fileRef = A4042129183FEE5D00171190 /* main.m */; };
		A404212E183FEE5D00171190 /* MCAppDelegate.m in Sources */ = {isa = PBXBuildFile; fileRef = A404212D183FEE5D00171190 /* MCAppDelegate.m */; };
		A4042130183FEE5D00171190 /* Images.xcassets in Resources */ = {isa = PBXBuildFile; fileRef = A404212F183FEE5D00171190 /* Images.xcassets */; };
		A4042137183FEE5D00171190 /* XCTest.framework in Frameworks */ = {isa = PBXBuildFile; fileRef = A4042136183FEE5D00171190 /* XCTest.framework */; };
		A4042138183FEE5D00171190 /* Foundation.framework in Frameworks */ = {isa = PBXBuildFile; fileRef = A404211D183FEE5D00171190 /* Foundation.framework */; };
		A4042139183FEE5D00171190 /* UIKit.framework in Frameworks */ = {isa = PBXBuildFile; fileRef = A4042121183FEE5D00171190 /* UIKit.framework */; };
		A4042141183FEE5D00171190 /* InfoPlist.strings in Resources */ = {isa = PBXBuildFile; fileRef = A404213F183FEE5D00171190 /* InfoPlist.strings */; };
		A4042143183FEE5D00171190 /* MCRotatingCarouselExampleTests.m in Sources */ = {isa = PBXBuildFile; fileRef = A4042142183FEE5D00171190 /* MCRotatingCarouselExampleTests.m */; };
		A404214E183FEE9700171190 /* MCExampleViewController.m in Sources */ = {isa = PBXBuildFile; fileRef = A404214D183FEE9700171190 /* MCExampleViewController.m */; };
		A4042151183FEF8400171190 /* MCRotatingCarousel.m in Sources */ = {isa = PBXBuildFile; fileRef = A4042150183FEF8400171190 /* MCRotatingCarousel.m */; };
/* End PBXBuildFile section */

/* Begin PBXContainerItemProxy section */
		A404213A183FEE5D00171190 /* PBXContainerItemProxy */ = {
			isa = PBXContainerItemProxy;
			containerPortal = A4042112183FEE5D00171190 /* Project object */;
			proxyType = 1;
			remoteGlobalIDString = A4042119183FEE5D00171190;
			remoteInfo = MCRotatingCarouselExample;
		};
/* End PBXContainerItemProxy section */

/* Begin PBXFileReference section */
		A404211A183FEE5D00171190 /* MCRotatingCarouselExample.app */ = {isa = PBXFileReference; explicitFileType = wrapper.application; includeInIndex = 0; path = MCRotatingCarouselExample.app; sourceTree = BUILT_PRODUCTS_DIR; };
		A404211D183FEE5D00171190 /* Foundation.framework */ = {isa = PBXFileReference; lastKnownFileType = wrapper.framework; name = Foundation.framework; path = System/Library/Frameworks/Foundation.framework; sourceTree = SDKROOT; };
		A404211F183FEE5D00171190 /* CoreGraphics.framework */ = {isa = PBXFileReference; lastKnownFileType = wrapper.framework; name = CoreGraphics.framework; path = System/Library/Frameworks/CoreGraphics.framework; sourceTree = SDKROOT; };
		A4042121183FEE5D00171190 /* UIKit.framework */ = {isa = PBXFileReference; lastKnownFileType = wrapper.framework; name = UIKit.framework; path = System/Library/Frameworks/UIKit.framework; sourceTree = SDKROOT; };
		A4042125183FEE5D00171190 /* MCRotatingCarouselExample-Info.plist */ = {isa = PBXFileReference; lastKnownFileType = text.plist.xml; path = "MCRotatingCarouselExample-Info.plist"; sourceTree = "<group>"; };
		A4042127183FEE5D00171190 /* en */ = {isa = PBXFileReference; lastKnownFileType = text.plist.strings; name = en; path = en.lproj/InfoPlist.strings; sourceTree = "<group>"; };
		A4042129183FEE5D00171190 /* main.m */ = {isa = PBXFileReference; lastKnownFileType = sourcecode.c.objc; path = main.m; sourceTree = "<group>"; };
		A404212B183FEE5D00171190 /* MCRotatingCarouselExample-Prefix.pch */ = {isa = PBXFileReference; lastKnownFileType = sourcecode.c.h; path = "MCRotatingCarouselExample-Prefix.pch"; sourceTree = "<group>"; };
		A404212C183FEE5D00171190 /* MCAppDelegate.h */ = {isa = PBXFileReference; lastKnownFileType = sourcecode.c.h; path = MCAppDelegate.h; sourceTree = "<group>"; };
		A404212D183FEE5D00171190 /* MCAppDelegate.m */ = {isa = PBXFileReference; lastKnownFileType = sourcecode.c.objc; path = MCAppDelegate.m; sourceTree = "<group>"; };
		A404212F183FEE5D00171190 /* Images.xcassets */ = {isa = PBXFileReference; lastKnownFileType = folder.assetcatalog; path = Images.xcassets; sourceTree = "<group>"; };
		A4042135183FEE5D00171190 /* MCRotatingCarouselExampleTests.xctest */ = {isa = PBXFileReference; explicitFileType = wrapper.cfbundle; includeInIndex = 0; path = MCRotatingCarouselExampleTests.xctest; sourceTree = BUILT_PRODUCTS_DIR; };
		A4042136183FEE5D00171190 /* XCTest.framework */ = {isa = PBXFileReference; lastKnownFileType = wrapper.framework; name = XCTest.framework; path = Library/Frameworks/XCTest.framework; sourceTree = DEVELOPER_DIR; };
		A404213E183FEE5D00171190 /* MCRotatingCarouselExampleTests-Info.plist */ = {isa = PBXFileReference; lastKnownFileType = text.plist.xml; path = "MCRotatingCarouselExampleTests-Info.plist"; sourceTree = "<group>"; };
		A4042140183FEE5D00171190 /* en */ = {isa = PBXFileReference; lastKnownFileType = text.plist.strings; name = en; path = en.lproj/InfoPlist.strings; sourceTree = "<group>"; };
		A4042142183FEE5D00171190 /* MCRotatingCarouselExampleTests.m */ = {isa = PBXFileReference; lastKnownFileType = sourcecode.c.objc; path = MCRotatingCarouselExampleTests.m; sourceTree = "<group>"; };
		A404214C183FEE9700171190 /* MCExampleViewController.h */ = {isa = PBXFileReference; fileEncoding = 4; lastKnownFileType = sourcecode.c.h; path = MCExampleViewController.h; sourceTree = "<group>"; };
		A404214D183FEE9700171190 /* MCExampleViewController.m */ = {isa = PBXFileReference; fileEncoding = 4; lastKnownFileType = sourcecode.c.objc; path = MCExampleViewController.m; sourceTree = "<group>"; };
		A404214F183FEF8400171190 /* MCRotatingCarousel.h */ = {isa = PBXFileReference; fileEncoding = 4; lastKnownFileType = sourcecode.c.h; name = MCRotatingCarousel.h; path = ../../MCRotatingCarousel/MCRotatingCarousel.h; sourceTree = "<group>"; };
		A4042150183FEF8400171190 /* MCRotatingCarousel.m */ = {isa = PBXFileReference; fileEncoding = 4; lastKnownFileType = sourcecode.c.objc; name = MCRotatingCarousel.m; path = ../../MCRotatingCarousel/MCRotatingCarousel.m; sourceTree = "<group>"; };
/* End PBXFileReference section */

/* Begin PBXFrameworksBuildPhase section */
		A4042117183FEE5D00171190 /* Frameworks */ = {
			isa = PBXFrameworksBuildPhase;
			buildActionMask = 2147483647;
			files = (
				A4042120183FEE5D00171190 /* CoreGraphics.framework in Frameworks */,
				A4042122183FEE5D00171190 /* UIKit.framework in Frameworks */,
				A404211E183FEE5D00171190 /* Foundation.framework in Frameworks */,
			);
			runOnlyForDeploymentPostprocessing = 0;
		};
		A4042132183FEE5D00171190 /* Frameworks */ = {
			isa = PBXFrameworksBuildPhase;
			buildActionMask = 2147483647;
			files = (
				A4042137183FEE5D00171190 /* XCTest.framework in Frameworks */,
				A4042139183FEE5D00171190 /* UIKit.framework in Frameworks */,
				A4042138183FEE5D00171190 /* Foundation.framework in Frameworks */,
			);
			runOnlyForDeploymentPostprocessing = 0;
		};
/* End PBXFrameworksBuildPhase section */

/* Begin PBXGroup section */
		A4042111183FEE5D00171190 = {
			isa = PBXGroup;
			children = (
				A4042123183FEE5D00171190 /* MCRotatingCarouselExample */,
				A404213C183FEE5D00171190 /* MCRotatingCarouselExampleTests */,
				A404211C183FEE5D00171190 /* Frameworks */,
				A404211B183FEE5D00171190 /* Products */,
			);
			sourceTree = "<group>";
		};
		A404211B183FEE5D00171190 /* Products */ = {
			isa = PBXGroup;
			children = (
				A404211A183FEE5D00171190 /* MCRotatingCarouselExample.app */,
				A4042135183FEE5D00171190 /* MCRotatingCarouselExampleTests.xctest */,
			);
			name = Products;
			sourceTree = "<group>";
		};
		A404211C183FEE5D00171190 /* Frameworks */ = {
			isa = PBXGroup;
			children = (
				A404211D183FEE5D00171190 /* Foundation.framework */,
				A404211F183FEE5D00171190 /* CoreGraphics.framework */,
				A4042121183FEE5D00171190 /* UIKit.framework */,
				A4042136183FEE5D00171190 /* XCTest.framework */,
			);
			name = Frameworks;
			sourceTree = "<group>";
		};
		A4042123183FEE5D00171190 /* MCRotatingCarouselExample */ = {
			isa = PBXGroup;
			children = (
				A404212C183FEE5D00171190 /* MCAppDelegate.h */,
				A404212D183FEE5D00171190 /* MCAppDelegate.m */,
				A404212F183FEE5D00171190 /* Images.xcassets */,
				A4042124183FEE5D00171190 /* Supporting Files */,
				A404214C183FEE9700171190 /* MCExampleViewController.h */,
				A404214D183FEE9700171190 /* MCExampleViewController.m */,
				A404214F183FEF8400171190 /* MCRotatingCarousel.h */,
				A4042150183FEF8400171190 /* MCRotatingCarousel.m */,
			);
			path = MCRotatingCarouselExample;
			sourceTree = "<group>";
		};
		A4042124183FEE5D00171190 /* Supporting Files */ = {
			isa = PBXGroup;
			children = (
				A4042125183FEE5D00171190 /* MCRotatingCarouselExample-Info.plist */,
				A4042126183FEE5D00171190 /* InfoPlist.strings */,
				A4042129183FEE5D00171190 /* main.m */,
				A404212B183FEE5D00171190 /* MCRotatingCarouselExample-Prefix.pch */,
			);
			name = "Supporting Files";
			sourceTree = "<group>";
		};
		A404213C183FEE5D00171190 /* MCRotatingCarouselExampleTests */ = {
			isa = PBXGroup;
			children = (
				A4042142183FEE5D00171190 /* MCRotatingCarouselExampleTests.m */,
				A404213D183FEE5D00171190 /* Supporting Files */,
			);
			path = MCRotatingCarouselExampleTests;
			sourceTree = "<group>";
		};
		A404213D183FEE5D00171190 /* Supporting Files */ = {
			isa = PBXGroup;
			children = (
				A404213E183FEE5D00171190 /* MCRotatingCarouselExampleTests-Info.plist */,
				A404213F183FEE5D00171190 /* InfoPlist.strings */,
			);
			name = "Supporting Files";
			sourceTree = "<group>";
		};
/* End PBXGroup section */

/* Begin PBXNativeTarget section */
		A4042119183FEE5D00171190 /* MCRotatingCarouselExample */ = {
			isa = PBXNativeTarget;
			buildConfigurationList = A4042146183FEE5D00171190 /* Build configuration list for PBXNativeTarget "MCRotatingCarouselExample" */;
			buildPhases = (
				A4042116183FEE5D00171190 /* Sources */,
				A4042117183FEE5D00171190 /* Frameworks */,
				A4042118183FEE5D00171190 /* Resources */,
			);
			buildRules = (
			);
			dependencies = (
			);
			name = MCRotatingCarouselExample;
			productName = MCRotatingCarouselExample;
			productReference = A404211A183FEE5D00171190 /* MCRotatingCarouselExample.app */;
			productType = "com.apple.product-type.application";
		};
		A4042134183FEE5D00171190 /* MCRotatingCarouselExampleTests */ = {
			isa = PBXNativeTarget;
			buildConfigurationList = A4042149183FEE5D00171190 /* Build configuration list for PBXNativeTarget "MCRotatingCarouselExampleTests" */;
			buildPhases = (
				A4042131183FEE5D00171190 /* Sources */,
				A4042132183FEE5D00171190 /* Frameworks */,
				A4042133183FEE5D00171190 /* Resources */,
			);
			buildRules = (
			);
			dependencies = (
				A404213B183FEE5D00171190 /* PBXTargetDependency */,
			);
			name = MCRotatingCarouselExampleTests;
			productName = MCRotatingCarouselExampleTests;
			productReference = A4042135183FEE5D00171190 /* MCRotatingCarouselExampleTests.xctest */;
			productType = "com.apple.product-type.bundle.unit-test";
		};
/* End PBXNativeTarget section */

/* Begin PBXProject section */
		A4042112183FEE5D00171190 /* Project object */ = {
			isa = PBXProject;
			attributes = {
				CLASSPREFIX = MC;
				LastUpgradeCheck = 0500;
				ORGANIZATIONNAME = ModCloth;
				TargetAttributes = {
					A4042134183FEE5D00171190 = {
						TestTargetID = A4042119183FEE5D00171190;
					};
				};
			};
			buildConfigurationList = A4042115183FEE5D00171190 /* Build configuration list for PBXProject "MCRotatingCarouselExample" */;
			compatibilityVersion = "Xcode 3.2";
			developmentRegion = English;
			hasScannedForEncodings = 0;
			knownRegions = (
				en,
			);
			mainGroup = A4042111183FEE5D00171190;
			productRefGroup = A404211B183FEE5D00171190 /* Products */;
			projectDirPath = "";
			projectRoot = "";
			targets = (
				A4042119183FEE5D00171190 /* MCRotatingCarouselExample */,
				A4042134183FEE5D00171190 /* MCRotatingCarouselExampleTests */,
			);
		};
/* End PBXProject section */

/* Begin PBXResourcesBuildPhase section */
		A4042118183FEE5D00171190 /* Resources */ = {
			isa = PBXResourcesBuildPhase;
			buildActionMask = 2147483647;
			files = (
				A4042128183FEE5D00171190 /* InfoPlist.strings in Resources */,
				A4042130183FEE5D00171190 /* Images.xcassets in Resources */,
			);
			runOnlyForDeploymentPostprocessing = 0;
		};
		A4042133183FEE5D00171190 /* Resources */ = {
			isa = PBXResourcesBuildPhase;
			buildActionMask = 2147483647;
			files = (
				A4042141183FEE5D00171190 /* InfoPlist.strings in Resources */,
			);
			runOnlyForDeploymentPostprocessing = 0;
		};
/* End PBXResourcesBuildPhase section */

/* Begin PBXSourcesBuildPhase section */
		A4042116183FEE5D00171190 /* Sources */ = {
			isa = PBXSourcesBuildPhase;
			buildActionMask = 2147483647;
			files = (
				A404212E183FEE5D00171190 /* MCAppDelegate.m in Sources */,
				A4042151183FEF8400171190 /* MCRotatingCarousel.m in Sources */,
				A404214E183FEE9700171190 /* MCExampleViewController.m in Sources */,
				A404212A183FEE5D00171190 /* main.m in Sources */,
			);
			runOnlyForDeploymentPostprocessing = 0;
		};
		A4042131183FEE5D00171190 /* Sources */ = {
			isa = PBXSourcesBuildPhase;
			buildActionMask = 2147483647;
			files = (
				A4042143183FEE5D00171190 /* MCRotatingCarouselExampleTests.m in Sources */,
			);
			runOnlyForDeploymentPostprocessing = 0;
		};
/* End PBXSourcesBuildPhase section */

/* Begin PBXTargetDependency section */
		A404213B183FEE5D00171190 /* PBXTargetDependency */ = {
			isa = PBXTargetDependency;
			target = A4042119183FEE5D00171190 /* MCRotatingCarouselExample */;
			targetProxy = A404213A183FEE5D00171190 /* PBXContainerItemProxy */;
		};
/* End PBXTargetDependency section */

/* Begin PBXVariantGroup section */
		A4042126183FEE5D00171190 /* InfoPlist.strings */ = {
			isa = PBXVariantGroup;
			children = (
				A4042127183FEE5D00171190 /* en */,
			);
			name = InfoPlist.strings;
			sourceTree = "<group>";
		};
		A404213F183FEE5D00171190 /* InfoPlist.strings */ = {
			isa = PBXVariantGroup;
			children = (
				A4042140183FEE5D00171190 /* en */,
			);
			name = InfoPlist.strings;
			sourceTree = "<group>";
		};
/* End PBXVariantGroup section */

/* Begin XCBuildConfiguration section */
		A4042144183FEE5D00171190 /* Debug */ = {
			isa = XCBuildConfiguration;
			buildSettings = {
				ALWAYS_SEARCH_USER_PATHS = NO;
				ARCHS = "$(ARCHS_STANDARD_INCLUDING_64_BIT)";
				CLANG_CXX_LANGUAGE_STANDARD = "gnu++0x";
				CLANG_CXX_LIBRARY = "libc++";
				CLANG_ENABLE_MODULES = YES;
				CLANG_ENABLE_OBJC_ARC = YES;
				CLANG_WARN_BOOL_CONVERSION = YES;
				CLANG_WARN_CONSTANT_CONVERSION = YES;
				CLANG_WARN_DIRECT_OBJC_ISA_USAGE = YES_ERROR;
				CLANG_WARN_EMPTY_BODY = YES;
				CLANG_WARN_ENUM_CONVERSION = YES;
				CLANG_WARN_INT_CONVERSION = YES;
				CLANG_WARN_OBJC_ROOT_CLASS = YES_ERROR;
				CLANG_WARN__DUPLICATE_METHOD_MATCH = YES;
				"CODE_SIGN_IDENTITY[sdk=iphoneos*]" = "iPhone Developer";
				COPY_PHASE_STRIP = NO;
				GCC_C_LANGUAGE_STANDARD = gnu99;
				GCC_DYNAMIC_NO_PIC = NO;
				GCC_OPTIMIZATION_LEVEL = 0;
				GCC_PREPROCESSOR_DEFINITIONS = (
					"DEBUG=1",
					"$(inherited)",
				);
				GCC_SYMBOLS_PRIVATE_EXTERN = NO;
				GCC_WARN_64_TO_32_BIT_CONVERSION = YES;
				GCC_WARN_ABOUT_RETURN_TYPE = YES_ERROR;
				GCC_WARN_UNDECLARED_SELECTOR = YES;
				GCC_WARN_UNINITIALIZED_AUTOS = YES;
				GCC_WARN_UNUSED_FUNCTION = YES;
				GCC_WARN_UNUSED_VARIABLE = YES;
				IPHONEOS_DEPLOYMENT_TARGET = 7.0;
				ONLY_ACTIVE_ARCH = YES;
				SDKROOT = iphoneos;
			};
			name = Debug;
		};
		A4042145183FEE5D00171190 /* Release */ = {
			isa = XCBuildConfiguration;
			buildSettings = {
				ALWAYS_SEARCH_USER_PATHS = NO;
				ARCHS = "$(ARCHS_STANDARD_INCLUDING_64_BIT)";
				CLANG_CXX_LANGUAGE_STANDARD = "gnu++0x";
				CLANG_CXX_LIBRARY = "libc++";
				CLANG_ENABLE_MODULES = YES;
				CLANG_ENABLE_OBJC_ARC = YES;
				CLANG_WARN_BOOL_CONVERSION = YES;
				CLANG_WARN_CONSTANT_CONVERSION = YES;
				CLANG_WARN_DIRECT_OBJC_ISA_USAGE = YES_ERROR;
				CLANG_WARN_EMPTY_BODY = YES;
				CLANG_WARN_ENUM_CONVERSION = YES;
				CLANG_WARN_INT_CONVERSION = YES;
				CLANG_WARN_OBJC_ROOT_CLASS = YES_ERROR;
				CLANG_WARN__DUPLICATE_METHOD_MATCH = YES;
				"CODE_SIGN_IDENTITY[sdk=iphoneos*]" = "iPhone Developer";
				COPY_PHASE_STRIP = YES;
				ENABLE_NS_ASSERTIONS = NO;
				GCC_C_LANGUAGE_STANDARD = gnu99;
				GCC_WARN_64_TO_32_BIT_CONVERSION = YES;
				GCC_WARN_ABOUT_RETURN_TYPE = YES_ERROR;
				GCC_WARN_UNDECLARED_SELECTOR = YES;
				GCC_WARN_UNINITIALIZED_AUTOS = YES;
				GCC_WARN_UNUSED_FUNCTION = YES;
				GCC_WARN_UNUSED_VARIABLE = YES;
				IPHONEOS_DEPLOYMENT_TARGET = 7.0;
				SDKROOT = iphoneos;
				VALIDATE_PRODUCT = YES;
			};
			name = Release;
		};
		A4042147183FEE5D00171190 /* Debug */ = {
			isa = XCBuildConfiguration;
			buildSettings = {
				ASSETCATALOG_COMPILER_APPICON_NAME = AppIcon;
				ASSETCATALOG_COMPILER_LAUNCHIMAGE_NAME = LaunchImage;
				GCC_PRECOMPILE_PREFIX_HEADER = YES;
				GCC_PREFIX_HEADER = "MCRotatingCarouselExample/MCRotatingCarouselExample-Prefix.pch";
				INFOPLIST_FILE = "MCRotatingCarouselExample/MCRotatingCarouselExample-Info.plist";
				PRODUCT_NAME = "$(TARGET_NAME)";
				WRAPPER_EXTENSION = app;
			};
			name = Debug;
		};
		A4042148183FEE5D00171190 /* Release */ = {
			isa = XCBuildConfiguration;
			buildSettings = {
				ASSETCATALOG_COMPILER_APPICON_NAME = AppIcon;
				ASSETCATALOG_COMPILER_LAUNCHIMAGE_NAME = LaunchImage;
				GCC_PRECOMPILE_PREFIX_HEADER = YES;
				GCC_PREFIX_HEADER = "MCRotatingCarouselExample/MCRotatingCarouselExample-Prefix.pch";
				INFOPLIST_FILE = "MCRotatingCarouselExample/MCRotatingCarouselExample-Info.plist";
				PRODUCT_NAME = "$(TARGET_NAME)";
				WRAPPER_EXTENSION = app;
			};
			name = Release;
		};
		A404214A183FEE5D00171190 /* Debug */ = {
			isa = XCBuildConfiguration;
			buildSettings = {
				ARCHS = "$(ARCHS_STANDARD_INCLUDING_64_BIT)";
				BUNDLE_LOADER = "$(BUILT_PRODUCTS_DIR)/MCRotatingCarouselExample.app/MCRotatingCarouselExample";
				FRAMEWORK_SEARCH_PATHS = (
					"$(SDKROOT)/Developer/Library/Frameworks",
					"$(inherited)",
					"$(DEVELOPER_FRAMEWORKS_DIR)",
				);
				GCC_PRECOMPILE_PREFIX_HEADER = YES;
				GCC_PREFIX_HEADER = "MCRotatingCarouselExample/MCRotatingCarouselExample-Prefix.pch";
				GCC_PREPROCESSOR_DEFINITIONS = (
					"DEBUG=1",
					"$(inherited)",
				);
				INFOPLIST_FILE = "MCRotatingCarouselExampleTests/MCRotatingCarouselExampleTests-Info.plist";
				PRODUCT_NAME = "$(TARGET_NAME)";
				TEST_HOST = "$(BUNDLE_LOADER)";
				WRAPPER_EXTENSION = xctest;
			};
			name = Debug;
		};
		A404214B183FEE5D00171190 /* Release */ = {
			isa = XCBuildConfiguration;
			buildSettings = {
				ARCHS = "$(ARCHS_STANDARD_INCLUDING_64_BIT)";
				BUNDLE_LOADER = "$(BUILT_PRODUCTS_DIR)/MCRotatingCarouselExample.app/MCRotatingCarouselExample";
				FRAMEWORK_SEARCH_PATHS = (
					"$(SDKROOT)/Developer/Library/Frameworks",
					"$(inherited)",
					"$(DEVELOPER_FRAMEWORKS_DIR)",
				);
				GCC_PRECOMPILE_PREFIX_HEADER = YES;
				GCC_PREFIX_HEADER = "MCRotatingCarouselExample/MCRotatingCarouselExample-Prefix.pch";
				INFOPLIST_FILE = "MCRotatingCarouselExampleTests/MCRotatingCarouselExampleTests-Info.plist";
				PRODUCT_NAME = "$(TARGET_NAME)";
				TEST_HOST = "$(BUNDLE_LOADER)";
				WRAPPER_EXTENSION = xctest;
			};
			name = Release;
		};
/* End XCBuildConfiguration section */

/* Begin XCConfigurationList section */
		A4042115183FEE5D00171190 /* Build configuration list for PBXProject "MCRotatingCarouselExample" */ = {
			isa = XCConfigurationList;
			buildConfigurations = (
				A4042144183FEE5D00171190 /* Debug */,
				A4042145183FEE5D00171190 /* Release */,
			);
			defaultConfigurationIsVisible = 0;
			defaultConfigurationName = Release;
		};
		A4042146183FEE5D00171190 /* Build configuration list for PBXNativeTarget "MCRotatingCarouselExample" */ = {
			isa = XCConfigurationList;
			buildConfigurations = (
				A4042147183FEE5D00171190 /* Debug */,
				A4042148183FEE5D00171190 /* Release */,
			);
			defaultConfigurationIsVisible = 0;
			defaultConfigurationName = Release;
		};
		A4042149183FEE5D00171190 /* Build configuration list for PBXNativeTarget "MCRotatingCarouselExampleTests" */ = {
			isa = XCConfigurationList;
			buildConfigurations = (
				A404214A183FEE5D00171190 /* Debug */,
				A404214B183FEE5D00171190 /* Release */,
			);
			defaultConfigurationIsVisible = 0;
			defaultConfigurationName = Release;
		};
/* End XCConfigurationList section */
	};
	rootObject = A4042112183FEE5D00171190 /* Project object */;
}
